// !$*UTF8*$!
{
	archiveVersion = 1;
	classes = {
	};
	objectVersion = 56;
	objects = {

/* Begin PBXBuildFile section */
		4DCBAF182C665BC300DC4880 /* AppDelegate.swift in Sources */ = {isa = PBXBuildFile; fileRef = 4DCBAF172C665BC300DC4880 /* AppDelegate.swift */; };
		4DCBAF1A2C665BC300DC4880 /* SceneDelegate.swift in Sources */ = {isa = PBXBuildFile; fileRef = 4DCBAF192C665BC300DC4880 /* SceneDelegate.swift */; };
		4DCBAF1C2C665BC300DC4880 /* ViewController.swift in Sources */ = {isa = PBXBuildFile; fileRef = 4DCBAF1B2C665BC300DC4880 /* ViewController.swift */; };
		4DCBAF1F2C665BC300DC4880 /* Base in Resources */ = {isa = PBXBuildFile; fileRef = 4DCBAF1E2C665BC300DC4880 /* Base */; };
		4DCBAF212C665BC400DC4880 /* Assets.xcassets in Resources */ = {isa = PBXBuildFile; fileRef = 4DCBAF202C665BC400DC4880 /* Assets.xcassets */; };
		4DCBAF242C665BC400DC4880 /* Base in Resources */ = {isa = PBXBuildFile; fileRef = 4DCBAF232C665BC400DC4880 /* Base */; };
		4DCBAF2C2C665BD800DC4880 /* HospitalModel.swift in Sources */ = {isa = PBXBuildFile; fileRef = 4DCBAF2B2C665BD800DC4880 /* HospitalModel.swift */; };
		4DCBAF2E2C665E6B00DC4880 /* NetworkManager.swift in Sources */ = {isa = PBXBuildFile; fileRef = 4DCBAF2D2C665E6B00DC4880 /* NetworkManager.swift */; };
		4DCBAF312C665EDE00DC4880 /* Alamofire in Frameworks */ = {isa = PBXBuildFile; productRef = 4DCBAF302C665EDE00DC4880 /* Alamofire */; };
		4DCBAF342C66666500DC4880 /* Kingfisher in Frameworks */ = {isa = PBXBuildFile; productRef = 4DCBAF332C66666500DC4880 /* Kingfisher */; };
		4DCBAF362C666C5C00DC4880 /* FilterProvinceTableViewController.swift in Sources */ = {isa = PBXBuildFile; fileRef = 4DCBAF352C666C5C00DC4880 /* FilterProvinceTableViewController.swift */; };
		4DF514612C675EE5008B9A15 /* MapViewController.swift in Sources */ = {isa = PBXBuildFile; fileRef = 4DF514602C675EE5008B9A15 /* MapViewController.swift */; };
/* End PBXBuildFile section */

/* Begin PBXFileReference section */
		4DCBAF142C665BC300DC4880 /* ExamHospitalNow.app */ = {isa = PBXFileReference; explicitFileType = wrapper.application; includeInIndex = 0; path = ExamHospitalNow.app; sourceTree = BUILT_PRODUCTS_DIR; };
		4DCBAF172C665BC300DC4880 /* AppDelegate.swift */ = {isa = PBXFileReference; lastKnownFileType = sourcecode.swift; path = AppDelegate.swift; sourceTree = "<group>"; };
		4DCBAF192C665BC300DC4880 /* SceneDelegate.swift */ = {isa = PBXFileReference; lastKnownFileType = sourcecode.swift; path = SceneDelegate.swift; sourceTree = "<group>"; };
		4DCBAF1B2C665BC300DC4880 /* ViewController.swift */ = {isa = PBXFileReference; lastKnownFileType = sourcecode.swift; path = ViewController.swift; sourceTree = "<group>"; };
		4DCBAF1E2C665BC300DC4880 /* Base */ = {isa = PBXFileReference; lastKnownFileType = file.storyboard; name = Base; path = Base.lproj/Main.storyboard; sourceTree = "<group>"; };
		4DCBAF202C665BC400DC4880 /* Assets.xcassets */ = {isa = PBXFileReference; lastKnownFileType = folder.assetcatalog; path = Assets.xcassets; sourceTree = "<group>"; };
		4DCBAF232C665BC400DC4880 /* Base */ = {isa = PBXFileReference; lastKnownFileType = file.storyboard; name = Base; path = Base.lproj/LaunchScreen.storyboard; sourceTree = "<group>"; };
		4DCBAF252C665BC400DC4880 /* Info.plist */ = {isa = PBXFileReference; lastKnownFileType = text.plist.xml; path = Info.plist; sourceTree = "<group>"; };
		4DCBAF2B2C665BD800DC4880 /* HospitalModel.swift */ = {isa = PBXFileReference; lastKnownFileType = sourcecode.swift; path = HospitalModel.swift; sourceTree = "<group>"; };
		4DCBAF2D2C665E6B00DC4880 /* NetworkManager.swift */ = {isa = PBXFileReference; lastKnownFileType = sourcecode.swift; path = NetworkManager.swift; sourceTree = "<group>"; };
		4DCBAF352C666C5C00DC4880 /* FilterProvinceTableViewController.swift */ = {isa = PBXFileReference; lastKnownFileType = sourcecode.swift; path = FilterProvinceTableViewController.swift; sourceTree = "<group>"; };
		4DF514602C675EE5008B9A15 /* MapViewController.swift */ = {isa = PBXFileReference; lastKnownFileType = sourcecode.swift; path = MapViewController.swift; sourceTree = "<group>"; };
/* End PBXFileReference section */

/* Begin PBXFrameworksBuildPhase section */
		4DCBAF112C665BC300DC4880 /* Frameworks */ = {
			isa = PBXFrameworksBuildPhase;
			buildActionMask = 2147483647;
			files = (
				4DCBAF342C66666500DC4880 /* Kingfisher in Frameworks */,
				4DCBAF312C665EDE00DC4880 /* Alamofire in Frameworks */,
			);
			runOnlyForDeploymentPostprocessing = 0;
		};
/* End PBXFrameworksBuildPhase section */

/* Begin PBXGroup section */
		4DCBAF0B2C665BC300DC4880 = {
			isa = PBXGroup;
			children = (
				4DCBAF162C665BC300DC4880 /* ExamHospitalNow */,
				4DCBAF152C665BC300DC4880 /* Products */,
			);
			sourceTree = "<group>";
		};
		4DCBAF152C665BC300DC4880 /* Products */ = {
			isa = PBXGroup;
			children = (
				4DCBAF142C665BC300DC4880 /* ExamHospitalNow.app */,
			);
			name = Products;
			sourceTree = "<group>";
		};
		4DCBAF162C665BC300DC4880 /* ExamHospitalNow */ = {
			isa = PBXGroup;
			children = (
				4DCBAF172C665BC300DC4880 /* AppDelegate.swift */,
				4DCBAF192C665BC300DC4880 /* SceneDelegate.swift */,
				4DCBAF1B2C665BC300DC4880 /* ViewController.swift */,
				4DCBAF2B2C665BD800DC4880 /* HospitalModel.swift */,
				4DCBAF2D2C665E6B00DC4880 /* NetworkManager.swift */,
				4DCBAF1D2C665BC300DC4880 /* Main.storyboard */,
				4DCBAF202C665BC400DC4880 /* Assets.xcassets */,
				4DCBAF222C665BC400DC4880 /* LaunchScreen.storyboard */,
				4DCBAF252C665BC400DC4880 /* Info.plist */,
				4DCBAF352C666C5C00DC4880 /* FilterProvinceTableViewController.swift */,
				4DF514602C675EE5008B9A15 /* MapViewController.swift */,
			);
			path = ExamHospitalNow;
			sourceTree = "<group>";
		};
/* End PBXGroup section */

/* Begin PBXNativeTarget section */
		4DCBAF132C665BC300DC4880 /* ExamHospitalNow */ = {
			isa = PBXNativeTarget;
			buildConfigurationList = 4DCBAF282C665BC400DC4880 /* Build configuration list for PBXNativeTarget "ExamHospitalNow" */;
			buildPhases = (
				4DCBAF102C665BC300DC4880 /* Sources */,
				4DCBAF112C665BC300DC4880 /* Frameworks */,
				4DCBAF122C665BC300DC4880 /* Resources */,
			);
			buildRules = (
			);
			dependencies = (
			);
			name = ExamHospitalNow;
			packageProductDependencies = (
				4DCBAF302C665EDE00DC4880 /* Alamofire */,
				4DCBAF332C66666500DC4880 /* Kingfisher */,
			);
			productName = ExamHospitalNow;
			productReference = 4DCBAF142C665BC300DC4880 /* ExamHospitalNow.app */;
			productType = "com.apple.product-type.application";
		};
/* End PBXNativeTarget section */

/* Begin PBXProject section */
		4DCBAF0C2C665BC300DC4880 /* Project object */ = {
			isa = PBXProject;
			attributes = {
				BuildIndependentTargetsInParallel = 1;
				LastSwiftUpdateCheck = 1530;
				LastUpgradeCheck = 1530;
				TargetAttributes = {
					4DCBAF132C665BC300DC4880 = {
						CreatedOnToolsVersion = 15.3;
					};
				};
			};
			buildConfigurationList = 4DCBAF0F2C665BC300DC4880 /* Build configuration list for PBXProject "ExamHospitalNow" */;
			compatibilityVersion = "Xcode 14.0";
			developmentRegion = en;
			hasScannedForEncodings = 0;
			knownRegions = (
				en,
				Base,
			);
			mainGroup = 4DCBAF0B2C665BC300DC4880;
			packageReferences = (
				4DCBAF2F2C665EDE00DC4880 /* XCRemoteSwiftPackageReference "Alamofire" */,
				4DCBAF322C66666500DC4880 /* XCRemoteSwiftPackageReference "Kingfisher" */,
			);
			productRefGroup = 4DCBAF152C665BC300DC4880 /* Products */;
			projectDirPath = "";
			projectRoot = "";
			targets = (
				4DCBAF132C665BC300DC4880 /* ExamHospitalNow */,
			);
		};
/* End PBXProject section */

/* Begin PBXResourcesBuildPhase section */
		4DCBAF122C665BC300DC4880 /* Resources */ = {
			isa = PBXResourcesBuildPhase;
			buildActionMask = 2147483647;
			files = (
				4DCBAF212C665BC400DC4880 /* Assets.xcassets in Resources */,
				4DCBAF242C665BC400DC4880 /* Base in Resources */,
				4DCBAF1F2C665BC300DC4880 /* Base in Resources */,
			);
			runOnlyForDeploymentPostprocessing = 0;
		};
/* End PBXResourcesBuildPhase section */

/* Begin PBXSourcesBuildPhase section */
		4DCBAF102C665BC300DC4880 /* Sources */ = {
			isa = PBXSourcesBuildPhase;
			buildActionMask = 2147483647;
			files = (
				4DCBAF1C2C665BC300DC4880 /* ViewController.swift in Sources */,
				4DCBAF182C665BC300DC4880 /* AppDelegate.swift in Sources */,
				4DCBAF2E2C665E6B00DC4880 /* NetworkManager.swift in Sources */,
				4DCBAF1A2C665BC300DC4880 /* SceneDelegate.swift in Sources */,
				4DCBAF2C2C665BD800DC4880 /* HospitalModel.swift in Sources */,
				4DCBAF362C666C5C00DC4880 /* FilterProvinceTableViewController.swift in Sources */,
				4DF514612C675EE5008B9A15 /* MapViewController.swift in Sources */,
			);
			runOnlyForDeploymentPostprocessing = 0;
		};
/* End PBXSourcesBuildPhase section */

/* Begin PBXVariantGroup section */
		4DCBAF1D2C665BC300DC4880 /* Main.storyboard */ = {
			isa = PBXVariantGroup;
			children = (
				4DCBAF1E2C665BC300DC4880 /* Base */,
			);
			name = Main.storyboard;
			sourceTree = "<group>";
		};
		4DCBAF222C665BC400DC4880 /* LaunchScreen.storyboard */ = {
			isa = PBXVariantGroup;
			children = (
				4DCBAF232C665BC400DC4880 /* Base */,
			);
			name = LaunchScreen.storyboard;
			sourceTree = "<group>";
		};
/* End PBXVariantGroup section */

/* Begin XCBuildConfiguration section */
		4DCBAF262C665BC400DC4880 /* Debug */ = {
			isa = XCBuildConfiguration;
			buildSettings = {
				ALWAYS_SEARCH_USER_PATHS = NO;
				ASSETCATALOG_COMPILER_GENERATE_SWIFT_ASSET_SYMBOL_EXTENSIONS = YES;
				CLANG_ANALYZER_NONNULL = YES;
				CLANG_ANALYZER_NUMBER_OBJECT_CONVERSION = YES_AGGRESSIVE;
				CLANG_CXX_LANGUAGE_STANDARD = "gnu++20";
				CLANG_ENABLE_MODULES = YES;
				CLANG_ENABLE_OBJC_ARC = YES;
				CLANG_ENABLE_OBJC_WEAK = YES;
				CLANG_WARN_BLOCK_CAPTURE_AUTORELEASING = YES;
				CLANG_WARN_BOOL_CONVERSION = YES;
				CLANG_WARN_COMMA = YES;
				CLANG_WARN_CONSTANT_CONVERSION = YES;
				CLANG_WARN_DEPRECATED_OBJC_IMPLEMENTATIONS = YES;
				CLANG_WARN_DIRECT_OBJC_ISA_USAGE = YES_ERROR;
				CLANG_WARN_DOCUMENTATION_COMMENTS = YES;
				CLANG_WARN_EMPTY_BODY = YES;
				CLANG_WARN_ENUM_CONVERSION = YES;
				CLANG_WARN_INFINITE_RECURSION = YES;
				CLANG_WARN_INT_CONVERSION = YES;
				CLANG_WARN_NON_LITERAL_NULL_CONVERSION = YES;
				CLANG_WARN_OBJC_IMPLICIT_RETAIN_SELF = YES;
				CLANG_WARN_OBJC_LITERAL_CONVERSION = YES;
				CLANG_WARN_OBJC_ROOT_CLASS = YES_ERROR;
				CLANG_WARN_QUOTED_INCLUDE_IN_FRAMEWORK_HEADER = YES;
				CLANG_WARN_RANGE_LOOP_ANALYSIS = YES;
				CLANG_WARN_STRICT_PROTOTYPES = YES;
				CLANG_WARN_SUSPICIOUS_MOVE = YES;
				CLANG_WARN_UNGUARDED_AVAILABILITY = YES_AGGRESSIVE;
				CLANG_WARN_UNREACHABLE_CODE = YES;
				CLANG_WARN__DUPLICATE_METHOD_MATCH = YES;
				COPY_PHASE_STRIP = NO;
				DEBUG_INFORMATION_FORMAT = dwarf;
				ENABLE_STRICT_OBJC_MSGSEND = YES;
				ENABLE_TESTABILITY = YES;
				ENABLE_USER_SCRIPT_SANDBOXING = YES;
				GCC_C_LANGUAGE_STANDARD = gnu17;
				GCC_DYNAMIC_NO_PIC = NO;
				GCC_NO_COMMON_BLOCKS = YES;
				GCC_OPTIMIZATION_LEVEL = 0;
				GCC_PREPROCESSOR_DEFINITIONS = (
					"DEBUG=1",
					"$(inherited)",
				);
				GCC_WARN_64_TO_32_BIT_CONVERSION = YES;
				GCC_WARN_ABOUT_RETURN_TYPE = YES_ERROR;
				GCC_WARN_UNDECLARED_SELECTOR = YES;
				GCC_WARN_UNINITIALIZED_AUTOS = YES_AGGRESSIVE;
				GCC_WARN_UNUSED_FUNCTION = YES;
				GCC_WARN_UNUSED_VARIABLE = YES;
				IPHONEOS_DEPLOYMENT_TARGET = 15.0;
				LOCALIZATION_PREFERS_STRING_CATALOGS = YES;
				MTL_ENABLE_DEBUG_INFO = INCLUDE_SOURCE;
				MTL_FAST_MATH = YES;
				ONLY_ACTIVE_ARCH = YES;
				SDKROOT = iphoneos;
				SWIFT_ACTIVE_COMPILATION_CONDITIONS = "DEBUG $(inherited)";
				SWIFT_OPTIMIZATION_LEVEL = "-Onone";
			};
			name = Debug;
		};
		4DCBAF272C665BC400DC4880 /* Release */ = {
			isa = XCBuildConfiguration;
			buildSettings = {
				ALWAYS_SEARCH_USER_PATHS = NO;
				ASSETCATALOG_COMPILER_GENERATE_SWIFT_ASSET_SYMBOL_EXTENSIONS = YES;
				CLANG_ANALYZER_NONNULL = YES;
				CLANG_ANALYZER_NUMBER_OBJECT_CONVERSION = YES_AGGRESSIVE;
				CLANG_CXX_LANGUAGE_STANDARD = "gnu++20";
				CLANG_ENABLE_MODULES = YES;
				CLANG_ENABLE_OBJC_ARC = YES;
				CLANG_ENABLE_OBJC_WEAK = YES;
				CLANG_WARN_BLOCK_CAPTURE_AUTORELEASING = YES;
				CLANG_WARN_BOOL_CONVERSION = YES;
				CLANG_WARN_COMMA = YES;
				CLANG_WARN_CONSTANT_CONVERSION = YES;
				CLANG_WARN_DEPRECATED_OBJC_IMPLEMENTATIONS = YES;
				CLANG_WARN_DIRECT_OBJC_ISA_USAGE = YES_ERROR;
				CLANG_WARN_DOCUMENTATION_COMMENTS = YES;
				CLANG_WARN_EMPTY_BODY = YES;
				CLANG_WARN_ENUM_CONVERSION = YES;
				CLANG_WARN_INFINITE_RECURSION = YES;
				CLANG_WARN_INT_CONVERSION = YES;
				CLANG_WARN_NON_LITERAL_NULL_CONVERSION = YES;
				CLANG_WARN_OBJC_IMPLICIT_RETAIN_SELF = YES;
				CLANG_WARN_OBJC_LITERAL_CONVERSION = YES;
				CLANG_WARN_OBJC_ROOT_CLASS = YES_ERROR;
				CLANG_WARN_QUOTED_INCLUDE_IN_FRAMEWORK_HEADER = YES;
				CLANG_WARN_RANGE_LOOP_ANALYSIS = YES;
				CLANG_WARN_STRICT_PROTOTYPES = YES;
				CLANG_WARN_SUSPICIOUS_MOVE = YES;
				CLANG_WARN_UNGUARDED_AVAILABILITY = YES_AGGRESSIVE;
				CLANG_WARN_UNREACHABLE_CODE = YES;
				CLANG_WARN__DUPLICATE_METHOD_MATCH = YES;
				COPY_PHASE_STRIP = NO;
				DEBUG_INFORMATION_FORMAT = "dwarf-with-dsym";
				ENABLE_NS_ASSERTIONS = NO;
				ENABLE_STRICT_OBJC_MSGSEND = YES;
				ENABLE_USER_SCRIPT_SANDBOXING = YES;
				GCC_C_LANGUAGE_STANDARD = gnu17;
				GCC_NO_COMMON_BLOCKS = YES;
				GCC_WARN_64_TO_32_BIT_CONVERSION = YES;
				GCC_WARN_ABOUT_RETURN_TYPE = YES_ERROR;
				GCC_WARN_UNDECLARED_SELECTOR = YES;
				GCC_WARN_UNINITIALIZED_AUTOS = YES_AGGRESSIVE;
				GCC_WARN_UNUSED_FUNCTION = YES;
				GCC_WARN_UNUSED_VARIABLE = YES;
				IPHONEOS_DEPLOYMENT_TARGET = 15.0;
				LOCALIZATION_PREFERS_STRING_CATALOGS = YES;
				MTL_ENABLE_DEBUG_INFO = NO;
				MTL_FAST_MATH = YES;
				SDKROOT = iphoneos;
				SWIFT_COMPILATION_MODE = wholemodule;
				VALIDATE_PRODUCT = YES;
			};
			name = Release;
		};
		4DCBAF292C665BC400DC4880 /* Debug */ = {
			isa = XCBuildConfiguration;
			buildSettings = {
				ASSETCATALOG_COMPILER_APPICON_NAME = AppIcon;
				ASSETCATALOG_COMPILER_GLOBAL_ACCENT_COLOR_NAME = AccentColor;
				CODE_SIGN_STYLE = Automatic;
				CURRENT_PROJECT_VERSION = 1;
				DEVELOPMENT_TEAM = 8Y7H2UKRUJ;
				GENERATE_INFOPLIST_FILE = YES;
				INFOPLIST_FILE = ExamHospitalNow/Info.plist;
				INFOPLIST_KEY_UIApplicationSupportsIndirectInputEvents = YES;
				INFOPLIST_KEY_UILaunchStoryboardName = LaunchScreen;
				INFOPLIST_KEY_UIMainStoryboardFile = Main;
				INFOPLIST_KEY_UISupportedInterfaceOrientations_iPad = "UIInterfaceOrientationPortrait UIInterfaceOrientationPortraitUpsideDown UIInterfaceOrientationLandscapeLeft UIInterfaceOrientationLandscapeRight";
				INFOPLIST_KEY_UISupportedInterfaceOrientations_iPhone = "UIInterfaceOrientationPortrait UIInterfaceOrientationLandscapeLeft UIInterfaceOrientationLandscapeRight";
				LD_RUNPATH_SEARCH_PATHS = (
					"$(inherited)",
					"@executable_path/Frameworks",
				);
				MARKETING_VERSION = 1.0;
				PRODUCT_BUNDLE_IDENTIFIER = com.hilmyfauzi.mobileprogrammingexamhospitalapi.ExamHospitalNow;
				PRODUCT_NAME = "$(TARGET_NAME)";
				SWIFT_EMIT_LOC_STRINGS = YES;
				SWIFT_VERSION = 5.0;
				TARGETED_DEVICE_FAMILY = "1,2";
			};
			name = Debug;
		};
		4DCBAF2A2C665BC400DC4880 /* Release */ = {
			isa = XCBuildConfiguration;
			buildSettings = {
				ASSETCATALOG_COMPILER_APPICON_NAME = AppIcon;
				ASSETCATALOG_COMPILER_GLOBAL_ACCENT_COLOR_NAME = AccentColor;
				CODE_SIGN_STYLE = Automatic;
				CURRENT_PROJECT_VERSION = 1;
				DEVELOPMENT_TEAM = 8Y7H2UKRUJ;
				GENERATE_INFOPLIST_FILE = YES;
				INFOPLIST_FILE = ExamHospitalNow/Info.plist;
				INFOPLIST_KEY_UIApplicationSupportsIndirectInputEvents = YES;
				INFOPLIST_KEY_UILaunchStoryboardName = LaunchScreen;
				INFOPLIST_KEY_UIMainStoryboardFile = Main;
				INFOPLIST_KEY_UISupportedInterfaceOrientations_iPad = "UIInterfaceOrientationPortrait UIInterfaceOrientationPortraitUpsideDown UIInterfaceOrientationLandscapeLeft UIInterfaceOrientationLandscapeRight";
				INFOPLIST_KEY_UISupportedInterfaceOrientations_iPhone = "UIInterfaceOrientationPortrait UIInterfaceOrientationLandscapeLeft UIInterfaceOrientationLandscapeRight";
				LD_RUNPATH_SEARCH_PATHS = (
					"$(inherited)",
					"@executable_path/Frameworks",
				);
				MARKETING_VERSION = 1.0;
				PRODUCT_BUNDLE_IDENTIFIER = com.hilmyfauzi.mobileprogrammingexamhospitalapi.ExamHospitalNow;
				PRODUCT_NAME = "$(TARGET_NAME)";
				SWIFT_EMIT_LOC_STRINGS = YES;
				SWIFT_VERSION = 5.0;
				TARGETED_DEVICE_FAMILY = "1,2";
			};
			name = Release;
		};
/* End XCBuildConfiguration section */

/* Begin XCConfigurationList section */
		4DCBAF0F2C665BC300DC4880 /* Build configuration list for PBXProject "ExamHospitalNow" */ = {
			isa = XCConfigurationList;
			buildConfigurations = (
				4DCBAF262C665BC400DC4880 /* Debug */,
				4DCBAF272C665BC400DC4880 /* Release */,
			);
			defaultConfigurationIsVisible = 0;
			defaultConfigurationName = Release;
		};
		4DCBAF282C665BC400DC4880 /* Build configuration list for PBXNativeTarget "ExamHospitalNow" */ = {
			isa = XCConfigurationList;
			buildConfigurations = (
				4DCBAF292C665BC400DC4880 /* Debug */,
				4DCBAF2A2C665BC400DC4880 /* Release */,
			);
			defaultConfigurationIsVisible = 0;
			defaultConfigurationName = Release;
		};
/* End XCConfigurationList section */

/* Begin XCRemoteSwiftPackageReference section */
		4DCBAF2F2C665EDE00DC4880 /* XCRemoteSwiftPackageReference "Alamofire" */ = {
			isa = XCRemoteSwiftPackageReference;
			repositoryURL = "https://github.com/Alamofire/Alamofire.git";
			requirement = {
				kind = upToNextMajorVersion;
				minimumVersion = 5.9.1;
			};
		};
		4DCBAF322C66666500DC4880 /* XCRemoteSwiftPackageReference "Kingfisher" */ = {
			isa = XCRemoteSwiftPackageReference;
			repositoryURL = "https://github.com/onevcat/Kingfisher";
			requirement = {
				kind = upToNextMajorVersion;
				minimumVersion = 7.12.0;
			};
		};
/* End XCRemoteSwiftPackageReference section */

/* Begin XCSwiftPackageProductDependency section */
		4DCBAF302C665EDE00DC4880 /* Alamofire */ = {
			isa = XCSwiftPackageProductDependency;
			package = 4DCBAF2F2C665EDE00DC4880 /* XCRemoteSwiftPackageReference "Alamofire" */;
			productName = Alamofire;
		};
		4DCBAF332C66666500DC4880 /* Kingfisher */ = {
			isa = XCSwiftPackageProductDependency;
			package = 4DCBAF322C66666500DC4880 /* XCRemoteSwiftPackageReference "Kingfisher" */;
			productName = Kingfisher;
		};
/* End XCSwiftPackageProductDependency section */
	};
	rootObject = 4DCBAF0C2C665BC300DC4880 /* Project object */;
}
